
Microsoft Visual Studio Solution File, Format Version 10.00
# Visual Studio 2008
Project("{2150E333-8FDC-42A3-9474-1A3956D46DE8}") = "Solution Items", "Solution Items", "{E82CAA7C-E351-42F5-9524-F76CE5551F2E}"
	ProjectSection(SolutionItems) = preProject
		LocalTestRun.testrunconfig = LocalTestRun.testrunconfig
		SyncButler.vsmdi = SyncButler.vsmdi
	EndProjectSection
EndProject
Project("{FAE04EC0-301F-11D3-BF4B-00C04F79EFBC}") = "SyncButler", "syncbutler\SyncButler.csproj", "{91049E12-5D15-4092-ADBA-C8883AC12AA0}"
EndProject
Project("{FAE04EC0-301F-11D3-BF4B-00C04F79EFBC}") = "SyncButlerUI", "syncbutler-ui\SyncButlerUI\SyncButlerUI.csproj", "{14E59299-D03C-44C8-9C0C-E2B4CC5C2BDB}"
EndProject
Project("{FAE04EC0-301F-11D3-BF4B-00C04F79EFBC}") = "SyncButlerTest", "syncbutler-test\SyncButlerTest.csproj", "{27D4D7A9-61AA-42E7-A367-EA1BAC89B8C3}"
EndProject
Project("{FAE04EC0-301F-11D3-BF4B-00C04F79EFBC}") = "TestUI", "TestUI\TestUI.csproj", "{D16F8146-3A1C-4F77-A9B8-3340353EF11B}"
EndProject
Global
	GlobalSection(TestCaseManagementSettings) = postSolution
		CategoryFile = SyncButler.vsmdi
	EndGlobalSection
	GlobalSection(SolutionConfigurationPlatforms) = preSolution
		Debug|Any CPU = Debug|Any CPU
		Release|Any CPU = Release|Any CPU
	EndGlobalSection
	GlobalSection(ProjectConfigurationPlatforms) = postSolution
		{91049E12-5D15-4092-ADBA-C8883AC12AA0}.Debug|Any CPU.ActiveCfg = Debug|Any CPU
		{91049E12-5D15-4092-ADBA-C8883AC12AA0}.Debug|Any CPU.Build.0 = Debug|Any CPU
		{91049E12-5D15-4092-ADBA-C8883AC12AA0}.Release|Any CPU.ActiveCfg = Release|Any CPU
		{91049E12-5D15-4092-ADBA-C8883AC12AA0}.Release|Any CPU.Build.0 = Release|Any CPU
		{14E59299-D03C-44C8-9C0C-E2B4CC5C2BDB}.Debug|Any CPU.ActiveCfg = Debug|Any CPU
		{14E59299-D03C-44C8-9C0C-E2B4CC5C2BDB}.Debug|Any CPU.Build.0 = Debug|Any CPU
		{14E59299-D03C-44C8-9C0C-E2B4CC5C2BDB}.Release|Any CPU.ActiveCfg = Release|Any CPU
		{14E59299-D03C-44C8-9C0C-E2B4CC5C2BDB}.Release|Any CPU.Build.0 = Release|Any CPU
		{27D4D7A9-61AA-42E7-A367-EA1BAC89B8C3}.Debug|Any CPU.ActiveCfg = Debug|Any CPU
		{27D4D7A9-61AA-42E7-A367-EA1BAC89B8C3}.Debug|Any CPU.Build.0 = Debug|Any CPU
		{27D4D7A9-61AA-42E7-A367-EA1BAC89B8C3}.Release|Any CPU.ActiveCfg = Release|Any CPU
		{27D4D7A9-61AA-42E7-A367-EA1BAC89B8C3}.Release|Any CPU.Build.0 = Release|Any CPU
		{D16F8146-3A1C-4F77-A9B8-3340353EF11B}.Debug|Any CPU.ActiveCfg = Debug|Any CPU
		{D16F8146-3A1C-4F77-A9B8-3340353EF11B}.Debug|Any CPU.Build.0 = Debug|Any CPU
		{D16F8146-3A1C-4F77-A9B8-3340353EF11B}.Release|Any CPU.ActiveCfg = Release|Any CPU
		{D16F8146-3A1C-4F77-A9B8-3340353EF11B}.Release|Any CPU.Build.0 = Release|Any CPU
	EndGlobalSection
	GlobalSection(SolutionProperties) = preSolution
		HideSolutionNode = FALSE
	EndGlobalSection
EndGlobal
